{
  "requires": true,
  "lockfileVersion": 1,
  "dependencies": {
    "axios": {
      "version": "0.17.1",
      "resolved": "http://registry.npm.taobao.org/axios/download/axios-0.17.1.tgz",
      "requires": {
        "follow-redirects": "1.2.6",
        "is-buffer": "1.1.6"
      },
      "dependencies": {
        "follow-redirects": {
          "version": "1.2.6",
          "resolved": "http://registry.npm.taobao.org/follow-redirects/download/follow-redirects-1.2.6.tgz",
          "requires": {
            "debug": "3.1.0"
          },
          "dependencies": {
            "debug": {
              "version": "3.1.0",
              "bundled": true,
              "requires": {
                "ms": "2.0.0"
              },
              "dependencies": {
                "ms": {
                  "version": "2.0.0",
                  "resolved": "http://registry.npm.taobao.org/ms/download/ms-2.0.0.tgz"
                }
              }
            }
          }
        },
        "is-buffer": {
          "version": "1.1.6",
          "resolved": "http://registry.npm.taobao.org/is-buffer/download/is-buffer-1.1.6.tgz"
        }
      }
    },
    "loadash": {
      "version": "1.0.0",
      "resolved": "http://registry.npm.taobao.org/loadash/download/loadash-1.0.0.tgz"
    },
    "vue": {
      "version": "2.5.13",
      "resolved": "http://registry.npm.taobao.org/vue/download/vue-2.5.13.tgz"
    },
    "vue-router": {
      "version": "3.0.1",
      "resolved": "http://registry.npm.taobao.org/vue-router/download/vue-router-3.0.1.tgz"
    },
    "vuex": {
      "version": "3.0.1",
      "resolved": "http://registry.npm.taobao.org/vuex/download/vuex-3.0.1.tgz"
    }
  }
}
